// !$*UTF8*$!
{
	archiveVersion = 1;
	classes = {
	};
	objectVersion = 48;
	objects = {

/* Begin PBXAggregateTarget section */
		6CE60D540E0D4E1300BFE3F3 /* Release */ = {
			isa = PBXAggregateTarget;
			buildConfigurationList = 6CE60D5B0E0D4E5900BFE3F3 /* Build configuration list for PBXAggregateTarget "Release" */;
			buildPhases = (
				6CE60D6A0E0D4F8200BFE3F3 /* ShellScript */,
				6CE60D5A0E0D4E2700BFE3F3 /* ShellScript */,
			);
			dependencies = (
				6CE60D580E0D4E1800BFE3F3 /* PBXTargetDependency */,
			);
			name = Release;
			productName = Release;
		};
/* End PBXAggregateTarget section */

/* Begin PBXBuildFile section */
		1DDD582D0DA1D0D100B32029 /* MainMenu.xib in Resources */ = {isa = PBXBuildFile; fileRef = 1DDD582A0DA1D0D100B32029 /* MainMenu.xib */; };
		6C129FE80E2A138C00C0FD35 /* Credits.html in Resources */ = {isa = PBXBuildFile; fileRef = 6C129FE60E2A138C00C0FD35 /* Credits.html */; };
		6C1FF2061E527DAF0023374A /* ESSymmetryViewPasteboardWriter.m in Sources */ = {isa = PBXBuildFile; fileRef = 6C1FF2051E527DAF0023374A /* ESSymmetryViewPasteboardWriter.m */; };
		6C1FF21C1E5508800023374A /* ESCursors.m in Sources */ = {isa = PBXBuildFile; fileRef = 6C1FF2171E5508800023374A /* ESCursors.m */; };
		6C1FF2271E5508A80023374A /* NSBezierPath+ESPoints.m in Sources */ = {isa = PBXBuildFile; fileRef = 6C1FF2231E5508A80023374A /* NSBezierPath+ESPoints.m */; };
		6C4DC32E0E336CFC00CFE539 /* MyDocument.xib in Resources */ = {isa = PBXBuildFile; fileRef = 1DDD58290DA1D0D100B32029 /* MyDocument.xib */; };
		6C4DC4300E34EC7F00CFE539 /* Localizable.strings in Resources */ = {isa = PBXBuildFile; fileRef = 6C4DC4290E34EC7F00CFE539 /* Localizable.strings */; };
		6C4DC5910E36857A00CFE539 /* Help.css in Resources */ = {isa = PBXBuildFile; fileRef = 6C4DC5900E36857A00CFE539 /* Help.css */; };
		6C5935040DEA0441000B3428 /* NSImage+Extras.m in Sources */ = {isa = PBXBuildFile; fileRef = 6C5935030DEA0441000B3428 /* NSImage+Extras.m */; };
		6C5A79BB0E11B5D200A3D6E1 /* ESSymmetryAnimation.m in Sources */ = {isa = PBXBuildFile; fileRef = 6C5A79BA0E11B5D200A3D6E1 /* ESSymmetryAnimation.m */; };
		6C5A7ABD0E15419800A3D6E1 /* ESSymmetryView+Intro.m in Sources */ = {isa = PBXBuildFile; fileRef = 6C5A7ABC0E15419800A3D6E1 /* ESSymmetryView+Intro.m */; };
		6C5A7AE60E1544DD00A3D6E1 /* AttributedStrings.rtf in Resources */ = {isa = PBXBuildFile; fileRef = 6C5A7AE40E1544DD00A3D6E1 /* AttributedStrings.rtf */; };
		6C73CF3A0E0B079C00749440 /* NSBezierPath+ESSymmetry.m in Sources */ = {isa = PBXBuildFile; fileRef = 6C73CF390E0B079C00749440 /* NSBezierPath+ESSymmetry.m */; };
		6C82F99D0DF7614F005CF008 /* AppDelegate.m in Sources */ = {isa = PBXBuildFile; fileRef = 6C82F99C0DF7614F005CF008 /* AppDelegate.m */; };
		6C92E0BA0E1A283700BEE063 /* Primel.icns in Resources */ = {isa = PBXBuildFile; fileRef = 6C92E0B90E1A283700BEE063 /* Primel.icns */; };
		6CB3F7FE0E29878D00B005BF /* Primel-Document.icns in Resources */ = {isa = PBXBuildFile; fileRef = 6CB3F7FD0E29878D00B005BF /* Primel-Document.icns */; };
		6CB3FBCB1E551942004ACF19 /* Sparkle.framework in CopyFiles */ = {isa = PBXBuildFile; fileRef = 6CB3FBBA1E55169D004ACF19 /* Sparkle.framework */; settings = {ATTRIBUTES = (CodeSignOnCopy, RemoveHeadersOnCopy, ); }; };
		6CB3FBCC1E55195B004ACF19 /* Sparkle.framework in Frameworks */ = {isa = PBXBuildFile; fileRef = 6CB3FBBA1E55169D004ACF19 /* Sparkle.framework */; settings = {ATTRIBUTES = (Weak, ); }; };
		6CB3FBD01E551C77004ACF19 /* main.m in Sources */ = {isa = PBXBuildFile; fileRef = 6CB3FBCF1E551C77004ACF19 /* main.m */; };
		6CBC479C0DEAE2610073B214 /* ESSymmetryView.m in Sources */ = {isa = PBXBuildFile; fileRef = 6CBC479B0DEAE2610073B214 /* ESSymmetryView.m */; };
		6CC7E0240E32174F00E3C849 /* Help.html in Resources */ = {isa = PBXBuildFile; fileRef = 6CC7E0220E32174F00E3C849 /* Help.html */; };
		6CC7E0270E32177F00E3C849 /* TwoMidpointShape.png in Resources */ = {isa = PBXBuildFile; fileRef = 6CC7E0250E32177F00E3C849 /* TwoMidpointShape.png */; };
		6CC7E0280E32177F00E3C849 /* SingleMidpointShape.png in Resources */ = {isa = PBXBuildFile; fileRef = 6CC7E0260E32177F00E3C849 /* SingleMidpointShape.png */; };
		6CC7E0D10E32470300E3C849 /* Primel.png in Resources */ = {isa = PBXBuildFile; fileRef = 6CC7E0D00E32470300E3C849 /* Primel.png */; };
		6CC7E0DB0E324FBB00E3C849 /* Herzchen.png in Resources */ = {isa = PBXBuildFile; fileRef = 6CC7E0DA0E324FBB00E3C849 /* Herzchen.png */; };
		6CC7E0DD0E32506300E3C849 /* Primel-mini.png in Resources */ = {isa = PBXBuildFile; fileRef = 6CC7E0DC0E32506300E3C849 /* Primel-mini.png */; };
		6CDBC9381E5E450B00983CD9 /* IOKit.framework in Frameworks */ = {isa = PBXBuildFile; fileRef = 6CDBC9371E5E450B00983CD9 /* IOKit.framework */; };
		6CDBC93A1E5E456F00983CD9 /* QuartzCore.framework in Frameworks */ = {isa = PBXBuildFile; fileRef = 6CDBC9391E5E456F00983CD9 /* QuartzCore.framework */; };
		6CDBC93C1E5E46AF00983CD9 /* AppKit.framework in Frameworks */ = {isa = PBXBuildFile; fileRef = 6CDBC93B1E5E46AF00983CD9 /* AppKit.framework */; };
		6CDBC93F1E5E5FBF00983CD9 /* Readme.md in Sources */ = {isa = PBXBuildFile; fileRef = 6CDBC93E1E5E5FBF00983CD9 /* Readme.md */; };
		6CDC1ED90E17935B00772100 /* ESSymmetryTotalAnimation.m in Sources */ = {isa = PBXBuildFile; fileRef = 6CDC1ED80E17935B00772100 /* ESSymmetryTotalAnimation.m */; };
		6CDC20D10E17E4AC00772100 /* MyDocument+Animation.m in Sources */ = {isa = PBXBuildFile; fileRef = 6CDC20D00E17E4AC00772100 /* MyDocument+Animation.m */; };
		6CDC23980E185DAA00772100 /* Resize Widget.png in Resources */ = {isa = PBXBuildFile; fileRef = 6CDC23970E185DAA00772100 /* Resize Widget.png */; };
		6CDC23C30E18DE6E00772100 /* Symmetries.sdef in Resources */ = {isa = PBXBuildFile; fileRef = 6CDC23C20E18DE6E00772100 /* Symmetries.sdef */; };
		6CE610BE0E0DBC5B00BFE3F3 /* Symmetries.qlgenerator in CopyFiles */ = {isa = PBXBuildFile; fileRef = 6CE610BD0E0DBC4700BFE3F3 /* Symmetries.qlgenerator */; settings = {ATTRIBUTES = (CodeSignOnCopy, ); }; };
		8D15AC2F0486D014006FF6A4 /* InfoPlist.strings in Resources */ = {isa = PBXBuildFile; fileRef = 089C165FFE840EACC02AAC07 /* InfoPlist.strings */; };
		8D15AC310486D014006FF6A4 /* MyDocument.m in Sources */ = {isa = PBXBuildFile; fileRef = 2A37F4ACFDCFA73011CA2CEA /* MyDocument.m */; settings = {ATTRIBUTES = (); }; };
/* End PBXBuildFile section */

/* Begin PBXContainerItemProxy section */
		6CB3FBB91E55169D004ACF19 /* PBXContainerItemProxy */ = {
			isa = PBXContainerItemProxy;
			containerPortal = 6CB3FBAB1E55169C004ACF19 /* Sparkle.xcodeproj */;
			proxyType = 2;
			remoteGlobalIDString = 8DC2EF5B0486A6940098B216;
			remoteInfo = Sparkle;
		};
		6CB3FBBB1E55169D004ACF19 /* PBXContainerItemProxy */ = {
			isa = PBXContainerItemProxy;
			containerPortal = 6CB3FBAB1E55169C004ACF19 /* Sparkle.xcodeproj */;
			proxyType = 2;
			remoteGlobalIDString = 61B5F90209C4CEE200B25A18;
			remoteInfo = "Sparkle Test App";
		};
		6CB3FBBD1E55169D004ACF19 /* PBXContainerItemProxy */ = {
			isa = PBXContainerItemProxy;
			containerPortal = 6CB3FBAB1E55169C004ACF19 /* Sparkle.xcodeproj */;
			proxyType = 2;
			remoteGlobalIDString = 612279D90DB5470200AB99EA;
			remoteInfo = "Sparkle Unit Tests";
		};
		6CB3FBBF1E55169D004ACF19 /* PBXContainerItemProxy */ = {
			isa = PBXContainerItemProxy;
			containerPortal = 6CB3FBAB1E55169C004ACF19 /* Sparkle.xcodeproj */;
			proxyType = 2;
			remoteGlobalIDString = 5D06E8D00FD68C7C005AE3F6;
			remoteInfo = BinaryDelta;
		};
		6CB3FBC11E55169D004ACF19 /* PBXContainerItemProxy */ = {
			isa = PBXContainerItemProxy;
			containerPortal = 6CB3FBAB1E55169C004ACF19 /* Sparkle.xcodeproj */;
			proxyType = 2;
			remoteGlobalIDString = 55C14BB7136EEF1500649790;
			remoteInfo = Autoupdate;
		};
		6CB3FBC31E55169D004ACF19 /* PBXContainerItemProxy */ = {
			isa = PBXContainerItemProxy;
			containerPortal = 6CB3FBAB1E55169C004ACF19 /* Sparkle.xcodeproj */;
			proxyType = 2;
			remoteGlobalIDString = 726B2B5D1C645FC900388755;
			remoteInfo = "UI Tests";
		};
		6CB3FBC51E55169D004ACF19 /* PBXContainerItemProxy */ = {
			isa = PBXContainerItemProxy;
			containerPortal = 6CB3FBAB1E55169C004ACF19 /* Sparkle.xcodeproj */;
			proxyType = 2;
			remoteGlobalIDString = 722954B41D04ADAF00ECF9CA;
			remoteInfo = fileop;
		};
		6CB3FBC71E55169D004ACF19 /* PBXContainerItemProxy */ = {
			isa = PBXContainerItemProxy;
			containerPortal = 6CB3FBAB1E55169C004ACF19 /* Sparkle.xcodeproj */;
			proxyType = 2;
			remoteGlobalIDString = 5AE13FB31E0D9E07000D2C2C;
			remoteInfo = generate_appcast;
		};
		6CE60D570E0D4E1800BFE3F3 /* PBXContainerItemProxy */ = {
			isa = PBXContainerItemProxy;
			containerPortal = 2A37F4A9FDCFA73011CA2CEA /* Project object */;
			proxyType = 1;
			remoteGlobalIDString = 8D15AC270486D014006FF6A4;
			remoteInfo = RoundRect;
		};
		6CE610BC0E0DBC4700BFE3F3 /* PBXContainerItemProxy */ = {
			isa = PBXContainerItemProxy;
			containerPortal = 6CE607150E0BA48300BFE3F3 /* Symmetries QuickLook.xcodeproj */;
			proxyType = 2;
			remoteGlobalIDString = 8D576316048677EA00EA77CD;
			remoteInfo = Symmetries;
		};
/* End PBXContainerItemProxy section */

/* Begin PBXCopyFilesBuildPhase section */
		6CE607320E0BA4AD00BFE3F3 /* CopyFiles */ = {
			isa = PBXCopyFilesBuildPhase;
			buildActionMask = 2147483647;
			dstPath = Contents/Library/QuickLook;
			dstSubfolderSpec = 1;
			files = (
				6CE610BE0E0DBC5B00BFE3F3 /* Symmetries.qlgenerator in CopyFiles */,
			);
			runOnlyForDeploymentPostprocessing = 0;
		};
		6CE60C660E0D493800BFE3F3 /* CopyFiles */ = {
			isa = PBXCopyFilesBuildPhase;
			buildActionMask = 12;
			dstPath = "";
			dstSubfolderSpec = 10;
			files = (
				6CB3FBCB1E551942004ACF19 /* Sparkle.framework in CopyFiles */,
			);
			runOnlyForDeploymentPostprocessing = 0;
		};
/* End PBXCopyFilesBuildPhase section */

/* Begin PBXFileReference section */
		1DDD58290DA1D0D100B32029 /* MyDocument.xib */ = {isa = PBXFileReference; lastKnownFileType = file.xib; name = MyDocument.xib; path = Resources/MyDocument.xib; sourceTree = "<group>"; };
		2A37F4ACFDCFA73011CA2CEA /* MyDocument.m */ = {isa = PBXFileReference; fileEncoding = 4; lastKnownFileType = sourcecode.c.objc; path = MyDocument.m; sourceTree = "<group>"; };
		2A37F4AEFDCFA73011CA2CEA /* MyDocument.h */ = {isa = PBXFileReference; fileEncoding = 4; lastKnownFileType = sourcecode.c.h; path = MyDocument.h; sourceTree = "<group>"; };
		6C0012A70DE6244B0016ABB5 /* ESSymmetryView.h */ = {isa = PBXFileReference; fileEncoding = 4; lastKnownFileType = sourcecode.c.h; path = ESSymmetryView.h; sourceTree = "<group>"; };
		6C1FF2041E527DAF0023374A /* ESSymmetryViewPasteboardWriter.h */ = {isa = PBXFileReference; fileEncoding = 4; lastKnownFileType = sourcecode.c.h; path = ESSymmetryViewPasteboardWriter.h; sourceTree = "<group>"; };
		6C1FF2051E527DAF0023374A /* ESSymmetryViewPasteboardWriter.m */ = {isa = PBXFileReference; fileEncoding = 4; lastKnownFileType = sourcecode.c.objc; path = ESSymmetryViewPasteboardWriter.m; sourceTree = "<group>"; };
		6C1FF2161E5508800023374A /* ESCursors.h */ = {isa = PBXFileReference; fileEncoding = 4; lastKnownFileType = sourcecode.c.h; path = ESCursors.h; sourceTree = "<group>"; };
		6C1FF2171E5508800023374A /* ESCursors.m */ = {isa = PBXFileReference; fileEncoding = 4; lastKnownFileType = sourcecode.c.objc; path = ESCursors.m; sourceTree = "<group>"; };
		6C1FF2221E5508A80023374A /* NSBezierPath+ESPoints.h */ = {isa = PBXFileReference; fileEncoding = 4; lastKnownFileType = sourcecode.c.h; path = "NSBezierPath+ESPoints.h"; sourceTree = "<group>"; };
		6C1FF2231E5508A80023374A /* NSBezierPath+ESPoints.m */ = {isa = PBXFileReference; fileEncoding = 4; lastKnownFileType = sourcecode.c.objc; path = "NSBezierPath+ESPoints.m"; sourceTree = "<group>"; };
		6C4DC4280E34EC7F00CFE539 /* de */ = {isa = PBXFileReference; lastKnownFileType = file.xib; name = de; path = de.lproj/MainMenu.xib; sourceTree = "<group>"; };
		6C4DC42A0E34EC7F00CFE539 /* de */ = {isa = PBXFileReference; fileEncoding = 4; lastKnownFileType = text.plist.strings; name = de; path = de.lproj/Localizable.strings; sourceTree = "<group>"; };
		6C4DC42B0E34EC7F00CFE539 /* de */ = {isa = PBXFileReference; fileEncoding = 4; lastKnownFileType = text.plist.strings; name = de; path = de.lproj/InfoPlist.strings; sourceTree = "<group>"; };
		6C4DC42C0E34EC7F00CFE539 /* de */ = {isa = PBXFileReference; lastKnownFileType = text.html; name = de; path = de.lproj/Help.html; sourceTree = "<group>"; };
		6C4DC42D0E34EC7F00CFE539 /* de */ = {isa = PBXFileReference; lastKnownFileType = text.html; name = de; path = de.lproj/Credits.html; sourceTree = "<group>"; };
		6C4DC42E0E34EC7F00CFE539 /* de */ = {isa = PBXFileReference; lastKnownFileType = text.rtf; name = de; path = de.lproj/AttributedStrings.rtf; sourceTree = "<group>"; };
		6C4DC43D0E34ECCC00CFE539 /* en */ = {isa = PBXFileReference; lastKnownFileType = file.xib; name = en; path = en.lproj/MainMenu.xib; sourceTree = "<group>"; };
		6C4DC43E0E34ECCC00CFE539 /* en */ = {isa = PBXFileReference; fileEncoding = 4; lastKnownFileType = text.plist.strings; name = en; path = en.lproj/Localizable.strings; sourceTree = "<group>"; };
		6C4DC43F0E34ECCC00CFE539 /* en */ = {isa = PBXFileReference; fileEncoding = 4; lastKnownFileType = text.plist.strings; name = en; path = en.lproj/InfoPlist.strings; sourceTree = "<group>"; };
		6C4DC4400E34ECCC00CFE539 /* en */ = {isa = PBXFileReference; lastKnownFileType = text.html; name = en; path = en.lproj/Help.html; sourceTree = "<group>"; };
		6C4DC4410E34ECCC00CFE539 /* en */ = {isa = PBXFileReference; lastKnownFileType = text.html; name = en; path = en.lproj/Credits.html; sourceTree = "<group>"; };
		6C4DC4420E34ECCC00CFE539 /* en */ = {isa = PBXFileReference; lastKnownFileType = text.rtf; name = en; path = en.lproj/AttributedStrings.rtf; sourceTree = "<group>"; };
		6C4DC4450E34ECE500CFE539 /* fr */ = {isa = PBXFileReference; fileEncoding = 4; lastKnownFileType = text.plist.strings; name = fr; path = fr.lproj/Localizable.strings; sourceTree = "<group>"; };
		6C4DC4460E34ECE500CFE539 /* fr */ = {isa = PBXFileReference; fileEncoding = 4; lastKnownFileType = text.plist.strings; name = fr; path = fr.lproj/InfoPlist.strings; sourceTree = "<group>"; };
		6C4DC4470E34ECE500CFE539 /* fr */ = {isa = PBXFileReference; lastKnownFileType = text.html; name = fr; path = fr.lproj/Credits.html; sourceTree = "<group>"; };
		6C4DC4480E34ECE500CFE539 /* fr */ = {isa = PBXFileReference; lastKnownFileType = text.html; name = fr; path = fr.lproj/Help.html; sourceTree = "<group>"; };
		6C4DC4490E34ECE500CFE539 /* fr */ = {isa = PBXFileReference; lastKnownFileType = text.rtf; name = fr; path = fr.lproj/AttributedStrings.rtf; sourceTree = "<group>"; };
		6C4DC4550E34ED6900CFE539 /* fr */ = {isa = PBXFileReference; lastKnownFileType = file.xib; name = fr; path = fr.lproj/MainMenu.xib; sourceTree = "<group>"; };
		6C4DC5900E36857A00CFE539 /* Help.css */ = {isa = PBXFileReference; fileEncoding = 4; lastKnownFileType = text.css; path = Help.css; sourceTree = "<group>"; };
		6C5935030DEA0441000B3428 /* NSImage+Extras.m */ = {isa = PBXFileReference; fileEncoding = 4; lastKnownFileType = sourcecode.c.objc; path = "NSImage+Extras.m"; sourceTree = "<group>"; };
		6C59350D0DEA0449000B3428 /* NSImage+Extras.h */ = {isa = PBXFileReference; fileEncoding = 4; lastKnownFileType = sourcecode.c.h; path = "NSImage+Extras.h"; sourceTree = "<group>"; };
		6C5A79B90E11B5D200A3D6E1 /* ESSymmetryAnimation.h */ = {isa = PBXFileReference; fileEncoding = 4; lastKnownFileType = sourcecode.c.h; path = ESSymmetryAnimation.h; sourceTree = "<group>"; };
		6C5A79BA0E11B5D200A3D6E1 /* ESSymmetryAnimation.m */ = {isa = PBXFileReference; fileEncoding = 4; lastKnownFileType = sourcecode.c.objc; path = ESSymmetryAnimation.m; sourceTree = "<group>"; };
		6C5A7ABB0E15419800A3D6E1 /* ESSymmetryView+Intro.h */ = {isa = PBXFileReference; fileEncoding = 4; lastKnownFileType = sourcecode.c.h; path = "ESSymmetryView+Intro.h"; sourceTree = "<group>"; };
		6C5A7ABC0E15419800A3D6E1 /* ESSymmetryView+Intro.m */ = {isa = PBXFileReference; fileEncoding = 4; lastKnownFileType = sourcecode.c.objc; path = "ESSymmetryView+Intro.m"; sourceTree = "<group>"; };
		6C73CF380E0B079C00749440 /* NSBezierPath+ESSymmetry.h */ = {isa = PBXFileReference; fileEncoding = 4; lastKnownFileType = sourcecode.c.h; path = "NSBezierPath+ESSymmetry.h"; sourceTree = "<group>"; };
		6C73CF390E0B079C00749440 /* NSBezierPath+ESSymmetry.m */ = {isa = PBXFileReference; fileEncoding = 4; lastKnownFileType = sourcecode.c.objc; path = "NSBezierPath+ESSymmetry.m"; sourceTree = "<group>"; };
		6C82F99B0DF7614F005CF008 /* AppDelegate.h */ = {isa = PBXFileReference; fileEncoding = 4; lastKnownFileType = sourcecode.c.h; path = AppDelegate.h; sourceTree = "<group>"; };
		6C82F99C0DF7614F005CF008 /* AppDelegate.m */ = {isa = PBXFileReference; fileEncoding = 4; lastKnownFileType = sourcecode.c.objc; path = AppDelegate.m; sourceTree = "<group>"; };
		6C92E0B90E1A283700BEE063 /* Primel.icns */ = {isa = PBXFileReference; lastKnownFileType = image.icns; name = Primel.icns; path = Resources/Icons/Primel.icns; sourceTree = "<group>"; };
		6CB3F7FD0E29878D00B005BF /* Primel-Document.icns */ = {isa = PBXFileReference; lastKnownFileType = image.icns; name = "Primel-Document.icns"; path = "Resources/Icons/Primel-Document.icns"; sourceTree = "<group>"; };
		6CB3FBAB1E55169C004ACF19 /* Sparkle.xcodeproj */ = {isa = PBXFileReference; lastKnownFileType = "wrapper.pb-project"; name = Sparkle.xcodeproj; path = submodules/Sparkle/Sparkle.xcodeproj; sourceTree = SOURCE_ROOT; };
		6CB3FBCF1E551C77004ACF19 /* main.m */ = {isa = PBXFileReference; fileEncoding = 4; lastKnownFileType = sourcecode.c.objc; name = main.m; path = Code/main.m; sourceTree = "<group>"; };
		6CBC479B0DEAE2610073B214 /* ESSymmetryView.m */ = {isa = PBXFileReference; fileEncoding = 4; lastKnownFileType = sourcecode.c.objc; path = ESSymmetryView.m; sourceTree = "<group>"; };
		6CC7E0250E32177F00E3C849 /* TwoMidpointShape.png */ = {isa = PBXFileReference; lastKnownFileType = image.png; name = TwoMidpointShape.png; path = Help/TwoMidpointShape.png; sourceTree = "<group>"; };
		6CC7E0260E32177F00E3C849 /* SingleMidpointShape.png */ = {isa = PBXFileReference; lastKnownFileType = image.png; name = SingleMidpointShape.png; path = Help/SingleMidpointShape.png; sourceTree = "<group>"; };
		6CC7E0D00E32470300E3C849 /* Primel.png */ = {isa = PBXFileReference; lastKnownFileType = image.png; name = Primel.png; path = Icons/Primel.png; sourceTree = "<group>"; };
		6CC7E0DA0E324FBB00E3C849 /* Herzchen.png */ = {isa = PBXFileReference; lastKnownFileType = image.png; name = Herzchen.png; path = Help/Herzchen.png; sourceTree = "<group>"; };
		6CC7E0DC0E32506300E3C849 /* Primel-mini.png */ = {isa = PBXFileReference; lastKnownFileType = image.png; name = "Primel-mini.png"; path = "Help/Primel-mini.png"; sourceTree = "<group>"; };
		6CDBC9371E5E450B00983CD9 /* IOKit.framework */ = {isa = PBXFileReference; lastKnownFileType = wrapper.framework; name = IOKit.framework; path = System/Library/Frameworks/IOKit.framework; sourceTree = SDKROOT; };
		6CDBC9391E5E456F00983CD9 /* QuartzCore.framework */ = {isa = PBXFileReference; lastKnownFileType = wrapper.framework; name = QuartzCore.framework; path = System/Library/Frameworks/QuartzCore.framework; sourceTree = SDKROOT; };
		6CDBC93B1E5E46AF00983CD9 /* AppKit.framework */ = {isa = PBXFileReference; lastKnownFileType = wrapper.framework; name = AppKit.framework; path = System/Library/Frameworks/AppKit.framework; sourceTree = SDKROOT; };
		6CDBC93E1E5E5FBF00983CD9 /* Readme.md */ = {isa = PBXFileReference; fileEncoding = 4; lastKnownFileType = net.daringfireball.markdown; path = Readme.md; sourceTree = "<group>"; };
		6CDC1ED70E17935B00772100 /* ESSymmetryTotalAnimation.h */ = {isa = PBXFileReference; fileEncoding = 4; lastKnownFileType = sourcecode.c.h; path = ESSymmetryTotalAnimation.h; sourceTree = "<group>"; };
		6CDC1ED80E17935B00772100 /* ESSymmetryTotalAnimation.m */ = {isa = PBXFileReference; fileEncoding = 4; lastKnownFileType = sourcecode.c.objc; path = ESSymmetryTotalAnimation.m; sourceTree = "<group>"; };
		6CDC209D0E17E2D400772100 /* PLANS */ = {isa = PBXFileReference; fileEncoding = 4; lastKnownFileType = text; path = PLANS; sourceTree = "<group>"; };
		6CDC20CF0E17E4AC00772100 /* MyDocument+Animation.h */ = {isa = PBXFileReference; fileEncoding = 4; lastKnownFileType = sourcecode.c.h; path = "MyDocument+Animation.h"; sourceTree = "<group>"; };
		6CDC20D00E17E4AC00772100 /* MyDocument+Animation.m */ = {isa = PBXFileReference; fileEncoding = 4; lastKnownFileType = sourcecode.c.objc; path = "MyDocument+Animation.m"; sourceTree = "<group>"; };
		6CDC23970E185DAA00772100 /* Resize Widget.png */ = {isa = PBXFileReference; lastKnownFileType = image.png; name = "Resize Widget.png"; path = "Resources/Resize Widget.png"; sourceTree = "<group>"; };
		6CDC23C20E18DE6E00772100 /* Symmetries.sdef */ = {isa = PBXFileReference; fileEncoding = 4; lastKnownFileType = text.xml; name = Symmetries.sdef; path = Resources/Symmetries.sdef; sourceTree = "<group>"; };
		6CE607150E0BA48300BFE3F3 /* Symmetries QuickLook.xcodeproj */ = {isa = PBXFileReference; lastKnownFileType = "wrapper.pb-project"; name = "Symmetries QuickLook.xcodeproj"; path = "QuickLook/Symmetries QuickLook.xcodeproj"; sourceTree = "<group>"; };
		6CF369780E28E623003F1D67 /* net.earthlingsoft.symmetries.plist */ = {isa = PBXFileReference; lastKnownFileType = file.bplist; name = net.earthlingsoft.symmetries.plist; path = ../../Library/Preferences/net.earthlingsoft.symmetries.plist; sourceTree = SOURCE_ROOT; };
		8D15AC360486D014006FF6A4 /* Info.plist */ = {isa = PBXFileReference; fileEncoding = 4; lastKnownFileType = text.plist.xml; name = Info.plist; path = Resources/Info.plist; sourceTree = "<group>"; };
		8D15AC370486D014006FF6A4 /* Symmetries.app */ = {isa = PBXFileReference; explicitFileType = wrapper.application; includeInIndex = 0; path = Symmetries.app; sourceTree = BUILT_PRODUCTS_DIR; };
/* End PBXFileReference section */

/* Begin PBXFrameworksBuildPhase section */
		8D15AC330486D014006FF6A4 /* Frameworks */ = {
			isa = PBXFrameworksBuildPhase;
			buildActionMask = 2147483647;
			files = (
				6CDBC93C1E5E46AF00983CD9 /* AppKit.framework in Frameworks */,
				6CDBC9381E5E450B00983CD9 /* IOKit.framework in Frameworks */,
				6CDBC93A1E5E456F00983CD9 /* QuartzCore.framework in Frameworks */,
				6CB3FBCC1E55195B004ACF19 /* Sparkle.framework in Frameworks */,
			);
			runOnlyForDeploymentPostprocessing = 0;
		};
/* End PBXFrameworksBuildPhase section */

/* Begin PBXGroup section */
		19C28FB0FE9D524F11CA2CBB /* Products */ = {
			isa = PBXGroup;
			children = (
				8D15AC370486D014006FF6A4 /* Symmetries.app */,
			);
			name = Products;
			sourceTree = "<group>";
		};
		2A37F4AAFDCFA73011CA2CEA /* RoundRect */ = {
			isa = PBXGroup;
			children = (
				6CDC209D0E17E2D400772100 /* PLANS */,
				6CDBC93E1E5E5FBF00983CD9 /* Readme.md */,
				6CF369780E28E623003F1D67 /* net.earthlingsoft.symmetries.plist */,
				6CE607150E0BA48300BFE3F3 /* Symmetries QuickLook.xcodeproj */,
				2A37F4ABFDCFA73011CA2CEA /* Classes */,
				2A37F4AFFDCFA73011CA2CEA /* Other Sources */,
				2A37F4B8FDCFA73011CA2CEA /* Resources */,
				2A37F4C3FDCFA73011CA2CEA /* Frameworks */,
				19C28FB0FE9D524F11CA2CBB /* Products */,
			);
			name = RoundRect;
			sourceTree = "<group>";
		};
		2A37F4ABFDCFA73011CA2CEA /* Classes */ = {
			isa = PBXGroup;
			children = (
				6C82F99B0DF7614F005CF008 /* AppDelegate.h */,
				6C82F99C0DF7614F005CF008 /* AppDelegate.m */,
				2A37F4AEFDCFA73011CA2CEA /* MyDocument.h */,
				2A37F4ACFDCFA73011CA2CEA /* MyDocument.m */,
				6CDC20CF0E17E4AC00772100 /* MyDocument+Animation.h */,
				6CDC20D00E17E4AC00772100 /* MyDocument+Animation.m */,
				6C0012A70DE6244B0016ABB5 /* ESSymmetryView.h */,
				6CBC479B0DEAE2610073B214 /* ESSymmetryView.m */,
				6C1FF2041E527DAF0023374A /* ESSymmetryViewPasteboardWriter.h */,
				6C1FF2051E527DAF0023374A /* ESSymmetryViewPasteboardWriter.m */,
				6C5A7ABB0E15419800A3D6E1 /* ESSymmetryView+Intro.h */,
				6C5A7ABC0E15419800A3D6E1 /* ESSymmetryView+Intro.m */,
				6C73CF380E0B079C00749440 /* NSBezierPath+ESSymmetry.h */,
				6C73CF390E0B079C00749440 /* NSBezierPath+ESSymmetry.m */,
				6C5A79B90E11B5D200A3D6E1 /* ESSymmetryAnimation.h */,
				6C5A79BA0E11B5D200A3D6E1 /* ESSymmetryAnimation.m */,
				6CDC1ED70E17935B00772100 /* ESSymmetryTotalAnimation.h */,
				6CDC1ED80E17935B00772100 /* ESSymmetryTotalAnimation.m */,
				6C5935030DEA0441000B3428 /* NSImage+Extras.m */,
				6C59350D0DEA0449000B3428 /* NSImage+Extras.h */,
			);
			name = Classes;
			path = Code;
			sourceTree = "<group>";
		};
		2A37F4AFFDCFA73011CA2CEA /* Other Sources */ = {
			isa = PBXGroup;
			children = (
				6CB3FBCF1E551C77004ACF19 /* main.m */,
				6C1FF2131E5508800023374A /* ESCursors */,
				6C1FF21F1E5508A80023374A /* NSBezierPath+ESPoints */,
				6CB3FBAB1E55169C004ACF19 /* Sparkle.xcodeproj */,
			);
			name = "Other Sources";
			sourceTree = "<group>";
		};
		2A37F4B8FDCFA73011CA2CEA /* Resources */ = {
			isa = PBXGroup;
			children = (
				8D15AC360486D014006FF6A4 /* Info.plist */,
				6C4DC4290E34EC7F00CFE539 /* Localizable.strings */,
				089C165FFE840EACC02AAC07 /* InfoPlist.strings */,
				1DDD58290DA1D0D100B32029 /* MyDocument.xib */,
				1DDD582A0DA1D0D100B32029 /* MainMenu.xib */,
				6C5A7AE40E1544DD00A3D6E1 /* AttributedStrings.rtf */,
				6C129FE60E2A138C00C0FD35 /* Credits.html */,
				6CB3FBCA1E551717004ACF19 /* Help */,
				6CDC23970E185DAA00772100 /* Resize Widget.png */,
				6CDC23C20E18DE6E00772100 /* Symmetries.sdef */,
				6C92E0B90E1A283700BEE063 /* Primel.icns */,
				6CB3F7FD0E29878D00B005BF /* Primel-Document.icns */,
			);
			name = Resources;
			sourceTree = "<group>";
		};
		2A37F4C3FDCFA73011CA2CEA /* Frameworks */ = {
			isa = PBXGroup;
			children = (
				6CDBC93B1E5E46AF00983CD9 /* AppKit.framework */,
				6CDBC9371E5E450B00983CD9 /* IOKit.framework */,
				6CDBC9391E5E456F00983CD9 /* QuartzCore.framework */,
			);
			name = Frameworks;
			sourceTree = "<group>";
		};
		6C1FF2131E5508800023374A /* ESCursors */ = {
			isa = PBXGroup;
			children = (
				6C1FF2161E5508800023374A /* ESCursors.h */,
				6C1FF2171E5508800023374A /* ESCursors.m */,
			);
			name = ESCursors;
			path = submodules/ESCursors;
			sourceTree = "<group>";
		};
		6C1FF21F1E5508A80023374A /* NSBezierPath+ESPoints */ = {
			isa = PBXGroup;
			children = (
				6C1FF2221E5508A80023374A /* NSBezierPath+ESPoints.h */,
				6C1FF2231E5508A80023374A /* NSBezierPath+ESPoints.m */,
			);
			name = "NSBezierPath+ESPoints";
			path = "submodules/NSBezierPath+ESPoints";
			sourceTree = "<group>";
		};
		6CB3FBAC1E55169C004ACF19 /* Products */ = {
			isa = PBXGroup;
			children = (
				6CB3FBBA1E55169D004ACF19 /* Sparkle.framework */,
				6CB3FBBC1E55169D004ACF19 /* Sparkle Test App.app */,
				6CB3FBBE1E55169D004ACF19 /* Sparkle Unit Tests.xctest */,
				6CB3FBC01E55169D004ACF19 /* BinaryDelta */,
				6CB3FBC21E55169D004ACF19 /* Autoupdate.app */,
				6CB3FBC41E55169D004ACF19 /* UI Tests.xctest */,
				6CB3FBC61E55169D004ACF19 /* fileop */,
				6CB3FBC81E55169D004ACF19 /* generate_appcast */,
			);
			name = Products;
			sourceTree = "<group>";
		};
		6CB3FBCA1E551717004ACF19 /* Help */ = {
			isa = PBXGroup;
			children = (
				6CC7E0DA0E324FBB00E3C849 /* Herzchen.png */,
				6CC7E0D00E32470300E3C849 /* Primel.png */,
				6CC7E0DC0E32506300E3C849 /* Primel-mini.png */,
				6CC7E0260E32177F00E3C849 /* SingleMidpointShape.png */,
				6CC7E0250E32177F00E3C849 /* TwoMidpointShape.png */,
				6CC7E0220E32174F00E3C849 /* Help.html */,
				6C4DC5900E36857A00CFE539 /* Help.css */,
			);
			name = Help;
			path = Resources;
			sourceTree = "<group>";
		};
		6CE610B90E0DBC4700BFE3F3 /* Products */ = {
			isa = PBXGroup;
			children = (
				6CE610BD0E0DBC4700BFE3F3 /* Symmetries.qlgenerator */,
			);
			name = Products;
			sourceTree = "<group>";
		};
/* End PBXGroup section */

/* Begin PBXNativeTarget section */
		8D15AC270486D014006FF6A4 /* Symmetries */ = {
			isa = PBXNativeTarget;
			buildConfigurationList = C05733C708A9546B00998B17 /* Build configuration list for PBXNativeTarget "Symmetries" */;
			buildPhases = (
				8D15AC300486D014006FF6A4 /* Sources */,
				8D15AC2B0486D014006FF6A4 /* Resources */,
				6CE60C660E0D493800BFE3F3 /* CopyFiles */,
				8D15AC330486D014006FF6A4 /* Frameworks */,
				6CE607320E0BA4AD00BFE3F3 /* CopyFiles */,
			);
			buildRules = (
			);
			dependencies = (
			);
			name = Symmetries;
			productInstallPath = "$(HOME)/Applications";
			productName = RoundRect;
			productReference = 8D15AC370486D014006FF6A4 /* Symmetries.app */;
			productType = "com.apple.product-type.application";
		};
/* End PBXNativeTarget section */

/* Begin PBXProject section */
		2A37F4A9FDCFA73011CA2CEA /* Project object */ = {
			isa = PBXProject;
			attributes = {
				LastUpgradeCheck = 0820;
			};
			buildConfigurationList = C05733CB08A9546B00998B17 /* Build configuration list for PBXProject "Symmetries" */;
			compatibilityVersion = "Xcode 8.0";
			developmentRegion = English;
			hasScannedForEncodings = 1;
			knownRegions = (
				English,
				Japanese,
				French,
				German,
				ca,
				cs,
				cy,
				da,
				de,
				el,
				en,
				es,
				fi,
				fr,
				fr_ca,
				he,
				hu,
				id,
				is,
				it,
				ja,
				ko,
				nl,
				no,
				pl,
				pt,
				ru,
				sk,
				sv,
				th,
				tr,
				zh_CN,
				zh_TW,
			);
			mainGroup = 2A37F4AAFDCFA73011CA2CEA /* RoundRect */;
			projectDirPath = "";
			projectReferences = (
				{
					ProductGroup = 6CB3FBAC1E55169C004ACF19 /* Products */;
					ProjectRef = 6CB3FBAB1E55169C004ACF19 /* Sparkle.xcodeproj */;
				},
				{
					ProductGroup = 6CE610B90E0DBC4700BFE3F3 /* Products */;
					ProjectRef = 6CE607150E0BA48300BFE3F3 /* Symmetries QuickLook.xcodeproj */;
				},
			);
			projectRoot = "";
			targets = (
				8D15AC270486D014006FF6A4 /* Symmetries */,
				6CE60D540E0D4E1300BFE3F3 /* Release */,
			);
		};
/* End PBXProject section */

/* Begin PBXReferenceProxy section */
		6CB3FBBA1E55169D004ACF19 /* Sparkle.framework */ = {
			isa = PBXReferenceProxy;
			fileType = wrapper.framework;
			path = Sparkle.framework;
			remoteRef = 6CB3FBB91E55169D004ACF19 /* PBXContainerItemProxy */;
			sourceTree = BUILT_PRODUCTS_DIR;
		};
		6CB3FBBC1E55169D004ACF19 /* Sparkle Test App.app */ = {
			isa = PBXReferenceProxy;
			fileType = wrapper.application;
			path = "Sparkle Test App.app";
			remoteRef = 6CB3FBBB1E55169D004ACF19 /* PBXContainerItemProxy */;
			sourceTree = BUILT_PRODUCTS_DIR;
		};
		6CB3FBBE1E55169D004ACF19 /* Sparkle Unit Tests.xctest */ = {
			isa = PBXReferenceProxy;
			fileType = wrapper.cfbundle;
			path = "Sparkle Unit Tests.xctest";
			remoteRef = 6CB3FBBD1E55169D004ACF19 /* PBXContainerItemProxy */;
			sourceTree = BUILT_PRODUCTS_DIR;
		};
		6CB3FBC01E55169D004ACF19 /* BinaryDelta */ = {
			isa = PBXReferenceProxy;
			fileType = "compiled.mach-o.executable";
			path = BinaryDelta;
			remoteRef = 6CB3FBBF1E55169D004ACF19 /* PBXContainerItemProxy */;
			sourceTree = BUILT_PRODUCTS_DIR;
		};
		6CB3FBC21E55169D004ACF19 /* Autoupdate.app */ = {
			isa = PBXReferenceProxy;
			fileType = wrapper.application;
			path = Autoupdate.app;
			remoteRef = 6CB3FBC11E55169D004ACF19 /* PBXContainerItemProxy */;
			sourceTree = BUILT_PRODUCTS_DIR;
		};
		6CB3FBC41E55169D004ACF19 /* UI Tests.xctest */ = {
			isa = PBXReferenceProxy;
			fileType = wrapper.cfbundle;
			path = "UI Tests.xctest";
			remoteRef = 6CB3FBC31E55169D004ACF19 /* PBXContainerItemProxy */;
			sourceTree = BUILT_PRODUCTS_DIR;
		};
		6CB3FBC61E55169D004ACF19 /* fileop */ = {
			isa = PBXReferenceProxy;
			fileType = "compiled.mach-o.executable";
			path = fileop;
			remoteRef = 6CB3FBC51E55169D004ACF19 /* PBXContainerItemProxy */;
			sourceTree = BUILT_PRODUCTS_DIR;
		};
		6CB3FBC81E55169D004ACF19 /* generate_appcast */ = {
			isa = PBXReferenceProxy;
			fileType = "compiled.mach-o.executable";
			path = generate_appcast;
			remoteRef = 6CB3FBC71E55169D004ACF19 /* PBXContainerItemProxy */;
			sourceTree = BUILT_PRODUCTS_DIR;
		};
		6CE610BD0E0DBC4700BFE3F3 /* Symmetries.qlgenerator */ = {
			isa = PBXReferenceProxy;
			fileType = wrapper.cfbundle;
			path = Symmetries.qlgenerator;
			remoteRef = 6CE610BC0E0DBC4700BFE3F3 /* PBXContainerItemProxy */;
			sourceTree = BUILT_PRODUCTS_DIR;
		};
/* End PBXReferenceProxy section */

/* Begin PBXResourcesBuildPhase section */
		8D15AC2B0486D014006FF6A4 /* Resources */ = {
			isa = PBXResourcesBuildPhase;
			buildActionMask = 2147483647;
			files = (
				8D15AC2F0486D014006FF6A4 /* InfoPlist.strings in Resources */,
				6C5A7AE60E1544DD00A3D6E1 /* AttributedStrings.rtf in Resources */,
				6C129FE80E2A138C00C0FD35 /* Credits.html in Resources */,
				6C4DC32E0E336CFC00CFE539 /* MyDocument.xib in Resources */,
				1DDD582D0DA1D0D100B32029 /* MainMenu.xib in Resources */,
				6CDC23980E185DAA00772100 /* Resize Widget.png in Resources */,
				6CDC23C30E18DE6E00772100 /* Symmetries.sdef in Resources */,
				6C92E0BA0E1A283700BEE063 /* Primel.icns in Resources */,
				6CB3F7FE0E29878D00B005BF /* Primel-Document.icns in Resources */,
				6CC7E0240E32174F00E3C849 /* Help.html in Resources */,
				6CC7E0270E32177F00E3C849 /* TwoMidpointShape.png in Resources */,
				6CC7E0280E32177F00E3C849 /* SingleMidpointShape.png in Resources */,
				6CC7E0D10E32470300E3C849 /* Primel.png in Resources */,
				6CC7E0DB0E324FBB00E3C849 /* Herzchen.png in Resources */,
				6CC7E0DD0E32506300E3C849 /* Primel-mini.png in Resources */,
				6C4DC4300E34EC7F00CFE539 /* Localizable.strings in Resources */,
				6C4DC5910E36857A00CFE539 /* Help.css in Resources */,
			);
			runOnlyForDeploymentPostprocessing = 0;
		};
/* End PBXResourcesBuildPhase section */

/* Begin PBXShellScriptBuildPhase section */
		6CE60D5A0E0D4E2700BFE3F3 /* ShellScript */ = {
			isa = PBXShellScriptBuildPhase;
			buildActionMask = 2147483647;
			comments = zip;
			files = (
			);
			inputPaths = (
				"$(SRCROOT)/Symmetries.app",
			);
			outputPaths = (
				"$(DERIVED_FILE_DIR)/Symmetries.zip",
			);
			runOnlyForDeploymentPostprocessing = 0;
			shellPath = /bin/sh;
			shellScript = "# compress the distribution folder\nrm -f \"$BUILT_PRODUCTS_DIR/Symmetries.zip\"\ncd \"$BUILT_PRODUCTS_DIR\"\nzip -y -r \"Symmetries.zip\" \"Symmetries.app\"";
		};
		6CE60D6A0E0D4F8200BFE3F3 /* ShellScript */ = {
			isa = PBXShellScriptBuildPhase;
			buildActionMask = 12;
			files = (
			);
			inputPaths = (
			);
			outputPaths = (
			);
			runOnlyForDeploymentPostprocessing = 0;
			shellPath = /bin/sh;
			shellScript = "cd \"$BUILT_PRODUCTS_DIR\"\ncd \"Symmetries.app/Contents/\"\n\n# remove superfluous nib contents\nfind . | grep classes.nib | xargs rm \nfind . | grep info.nib | xargs rm \n\n# Sparkle cleanup\n# kill headers\ncd \"Frameworks/Sparkle.framework/\"\nls | grep Headers | xargs rm\ncd \"Versions/A\"\nls | grep Headers | xargs rm -r \n# kill unused localisations\ncd \"Resources\"\nls | grep lproj | grep -v -E '(de|en|fr).lproj' | xargs rm -r\ncd \"Autoupdate.app/Contents/Resources\"\nls | grep lproj | grep -v -E '(de|en|fr).lproj' | xargs rm -r\n\ncd ../../../../..";
		};
/* End PBXShellScriptBuildPhase section */

/* Begin PBXSourcesBuildPhase section */
		8D15AC300486D014006FF6A4 /* Sources */ = {
			isa = PBXSourcesBuildPhase;
			buildActionMask = 2147483647;
			files = (
				6CDBC93F1E5E5FBF00983CD9 /* Readme.md in Sources */,
				6CB3FBD01E551C77004ACF19 /* main.m in Sources */,
				8D15AC310486D014006FF6A4 /* MyDocument.m in Sources */,
				6C5935040DEA0441000B3428 /* NSImage+Extras.m in Sources */,
				6CBC479C0DEAE2610073B214 /* ESSymmetryView.m in Sources */,
				6C1FF21C1E5508800023374A /* ESCursors.m in Sources */,
				6C82F99D0DF7614F005CF008 /* AppDelegate.m in Sources */,
				6C73CF3A0E0B079C00749440 /* NSBezierPath+ESSymmetry.m in Sources */,
				6C5A79BB0E11B5D200A3D6E1 /* ESSymmetryAnimation.m in Sources */,
				6C1FF2271E5508A80023374A /* NSBezierPath+ESPoints.m in Sources */,
				6C5A7ABD0E15419800A3D6E1 /* ESSymmetryView+Intro.m in Sources */,
				6C1FF2061E527DAF0023374A /* ESSymmetryViewPasteboardWriter.m in Sources */,
				6CDC1ED90E17935B00772100 /* ESSymmetryTotalAnimation.m in Sources */,
				6CDC20D10E17E4AC00772100 /* MyDocument+Animation.m in Sources */,
			);
			runOnlyForDeploymentPostprocessing = 0;
		};
/* End PBXSourcesBuildPhase section */

/* Begin PBXTargetDependency section */
		6CE60D580E0D4E1800BFE3F3 /* PBXTargetDependency */ = {
			isa = PBXTargetDependency;
			target = 8D15AC270486D014006FF6A4 /* Symmetries */;
			targetProxy = 6CE60D570E0D4E1800BFE3F3 /* PBXContainerItemProxy */;
		};
/* End PBXTargetDependency section */

/* Begin PBXVariantGroup section */
		089C165FFE840EACC02AAC07 /* InfoPlist.strings */ = {
			isa = PBXVariantGroup;
			children = (
				6C4DC42B0E34EC7F00CFE539 /* de */,
				6C4DC43F0E34ECCC00CFE539 /* en */,
				6C4DC4460E34ECE500CFE539 /* fr */,
			);
			name = InfoPlist.strings;
			path = Resources;
			sourceTree = "<group>";
		};
		1DDD582A0DA1D0D100B32029 /* MainMenu.xib */ = {
			isa = PBXVariantGroup;
			children = (
				6C4DC4280E34EC7F00CFE539 /* de */,
				6C4DC43D0E34ECCC00CFE539 /* en */,
				6C4DC4550E34ED6900CFE539 /* fr */,
			);
			name = MainMenu.xib;
			path = Resources;
			sourceTree = "<group>";
		};
		6C129FE60E2A138C00C0FD35 /* Credits.html */ = {
			isa = PBXVariantGroup;
			children = (
				6C4DC42D0E34EC7F00CFE539 /* de */,
				6C4DC4410E34ECCC00CFE539 /* en */,
				6C4DC4470E34ECE500CFE539 /* fr */,
			);
			name = Credits.html;
			path = Resources;
			sourceTree = "<group>";
		};
		6C4DC4290E34EC7F00CFE539 /* Localizable.strings */ = {
			isa = PBXVariantGroup;
			children = (
				6C4DC42A0E34EC7F00CFE539 /* de */,
				6C4DC43E0E34ECCC00CFE539 /* en */,
				6C4DC4450E34ECE500CFE539 /* fr */,
			);
			name = Localizable.strings;
			path = Resources;
			sourceTree = "<group>";
		};
		6C5A7AE40E1544DD00A3D6E1 /* AttributedStrings.rtf */ = {
			isa = PBXVariantGroup;
			children = (
				6C4DC42E0E34EC7F00CFE539 /* de */,
				6C4DC4420E34ECCC00CFE539 /* en */,
				6C4DC4490E34ECE500CFE539 /* fr */,
			);
			name = AttributedStrings.rtf;
			path = Resources;
			sourceTree = "<group>";
		};
		6CC7E0220E32174F00E3C849 /* Help.html */ = {
			isa = PBXVariantGroup;
			children = (
				6C4DC42C0E34EC7F00CFE539 /* de */,
				6C4DC4400E34ECCC00CFE539 /* en */,
				6C4DC4480E34ECE500CFE539 /* fr */,
			);
			name = Help.html;
			sourceTree = "<group>";
		};
/* End PBXVariantGroup section */

/* Begin XCBuildConfiguration section */
		6CE60D550E0D4E1300BFE3F3 /* Debug */ = {
			isa = XCBuildConfiguration;
			buildSettings = {
				COMBINE_HIDPI_IMAGES = YES;
				COPY_PHASE_STRIP = NO;
				GCC_DYNAMIC_NO_PIC = NO;
				GCC_OPTIMIZATION_LEVEL = 0;
				PRODUCT_NAME = Release;
			};
			name = Debug;
		};
		6CE60D560E0D4E1300BFE3F3 /* Release */ = {
			isa = XCBuildConfiguration;
			buildSettings = {
				COMBINE_HIDPI_IMAGES = YES;
				COPY_PHASE_STRIP = YES;
				DEBUG_INFORMATION_FORMAT = "dwarf-with-dsym";
				PRODUCT_NAME = Release;
				ZERO_LINK = NO;
			};
			name = Release;
		};
		C05733C808A9546B00998B17 /* Debug */ = {
			isa = XCBuildConfiguration;
			buildSettings = {
				CLANG_ENABLE_OBJC_ARC = YES;
				COMBINE_HIDPI_IMAGES = YES;
				COPY_PHASE_STRIP = NO;
				FRAMEWORK_SEARCH_PATHS = "$(inherited)";
				GCC_DYNAMIC_NO_PIC = NO;
				GCC_ENABLE_OBJC_GC = "no-required";
				GCC_OPTIMIZATION_LEVEL = 0;
				GCC_PRECOMPILE_PREFIX_HEADER = YES;
				IBC_FLATTEN_NIBS = NO;
				INFOPLIST_FILE = Resources/Info.plist;
				LD_RUNPATH_SEARCH_PATHS = "@loader_path/../Frameworks";
				MACOSX_DEPLOYMENT_TARGET = 10.10;
				PRODUCT_BUNDLE_IDENTIFIER = net.earthlingsoft.symmetries;
				PRODUCT_NAME = Symmetries;
				SDKROOT = macosx;
			};
			name = Debug;
		};
		C05733C908A9546B00998B17 /* Release */ = {
			isa = XCBuildConfiguration;
			buildSettings = {
				CLANG_ENABLE_OBJC_ARC = YES;
				COMBINE_HIDPI_IMAGES = YES;
				DEBUG_INFORMATION_FORMAT = "dwarf-with-dsym";
				FRAMEWORK_SEARCH_PATHS = "$(inherited)";
				GCC_ENABLE_OBJC_GC = "no-required";
				GCC_PRECOMPILE_PREFIX_HEADER = YES;
				INFOPLIST_FILE = Resources/Info.plist;
				LD_RUNPATH_SEARCH_PATHS = "@loader_path/../Frameworks";
				MACOSX_DEPLOYMENT_TARGET = 10.10;
				PRODUCT_BUNDLE_IDENTIFIER = net.earthlingsoft.symmetries;
				PRODUCT_NAME = Symmetries;
				SDKROOT = macosx;
			};
			name = Release;
		};
		C05733CC08A9546B00998B17 /* Debug */ = {
			isa = XCBuildConfiguration;
			buildSettings = {
				CLANG_ANALYZER_LOCALIZABILITY_NONLOCALIZED = YES;
				CLANG_ANALYZER_SECURITY_INSECUREAPI_RAND = YES;
				CLANG_ENABLE_OBJC_ARC = YES;
				CLANG_WARN_BOOL_CONVERSION = YES;
				CLANG_WARN_CONSTANT_CONVERSION = YES;
				CLANG_WARN_EMPTY_BODY = YES;
				CLANG_WARN_ENUM_CONVERSION = YES;
				CLANG_WARN_INFINITE_RECURSION = YES;
				CLANG_WARN_INT_CONVERSION = YES;
				CLANG_WARN_OBJC_EXPLICIT_OWNERSHIP_TYPE = YES;
				CLANG_WARN_OBJC_IMPLICIT_RETAIN_SELF = YES;
				CLANG_WARN_OBJC_REPEATED_USE_OF_WEAK = YES;
				CLANG_WARN_SUSPICIOUS_MOVE = YES;
				CLANG_WARN_UNREACHABLE_CODE = YES;
				CLANG_WARN__DUPLICATE_METHOD_MATCH = YES;
				ENABLE_STRICT_OBJC_MSGSEND = YES;
				ENABLE_TESTABILITY = YES;
				GCC_NO_COMMON_BLOCKS = YES;
				GCC_OPTIMIZATION_LEVEL = 0;
				GCC_WARN_64_TO_32_BIT_CONVERSION = YES;
				GCC_WARN_ABOUT_RETURN_TYPE = YES;
				GCC_WARN_UNDECLARED_SELECTOR = YES;
				GCC_WARN_UNINITIALIZED_AUTOS = YES;
				GCC_WARN_UNUSED_FUNCTION = YES;
				GCC_WARN_UNUSED_VARIABLE = YES;
				MACOSX_DEPLOYMENT_TARGET = 10.10;
				ONLY_ACTIVE_ARCH = YES;
				SDKROOT = macosx;
			};
			name = Debug;
		};
		C05733CD08A9546B00998B17 /* Release */ = {
			isa = XCBuildConfiguration;
			buildSettings = {
				CLANG_ANALYZER_LOCALIZABILITY_NONLOCALIZED = YES;
				CLANG_ANALYZER_SECURITY_INSECUREAPI_RAND = YES;
				CLANG_ENABLE_OBJC_ARC = YES;
				CLANG_WARN_BOOL_CONVERSION = YES;
				CLANG_WARN_CONSTANT_CONVERSION = YES;
				CLANG_WARN_EMPTY_BODY = YES;
				CLANG_WARN_ENUM_CONVERSION = YES;
				CLANG_WARN_INFINITE_RECURSION = YES;
				CLANG_WARN_INT_CONVERSION = YES;
				CLANG_WARN_OBJC_EXPLICIT_OWNERSHIP_TYPE = YES;
				CLANG_WARN_OBJC_IMPLICIT_RETAIN_SELF = YES;
				CLANG_WARN_OBJC_REPEATED_USE_OF_WEAK = YES;
				CLANG_WARN_SUSPICIOUS_MOVE = YES;
				CLANG_WARN_UNREACHABLE_CODE = YES;
				CLANG_WARN__DUPLICATE_METHOD_MATCH = YES;
				ENABLE_STRICT_OBJC_MSGSEND = YES;
				GCC_NO_COMMON_BLOCKS = YES;
				GCC_WARN_64_TO_32_BIT_CONVERSION = YES;
				GCC_WARN_ABOUT_RETURN_TYPE = YES;
				GCC_WARN_UNDECLARED_SELECTOR = YES;
				GCC_WARN_UNINITIALIZED_AUTOS = YES;
				GCC_WARN_UNUSED_FUNCTION = YES;
				GCC_WARN_UNUSED_VARIABLE = YES;
				MACOSX_DEPLOYMENT_TARGET = 10.10;
				SDKROOT = macosx;
			};
			name = Release;
		};
/* End XCBuildConfiguration section */

/* Begin XCConfigurationList section */
		6CE60D5B0E0D4E5900BFE3F3 /* Build configuration list for PBXAggregateTarget "Release" */ = {
			isa = XCConfigurationList;
			buildConfigurations = (
				6CE60D550E0D4E1300BFE3F3 /* Debug */,
				6CE60D560E0D4E1300BFE3F3 /* Release */,
			);
			defaultConfigurationIsVisible = 0;
			defaultConfigurationName = Release;
		};
		C05733C708A9546B00998B17 /* Build configuration list for PBXNativeTarget "Symmetries" */ = {
			isa = XCConfigurationList;
			buildConfigurations = (
				C05733C808A9546B00998B17 /* Debug */,
				C05733C908A9546B00998B17 /* Release */,
			);
			defaultConfigurationIsVisible = 0;
			defaultConfigurationName = Release;
		};
		C05733CB08A9546B00998B17 /* Build configuration list for PBXProject "Symmetries" */ = {
			isa = XCConfigurationList;
			buildConfigurations = (
				C05733CC08A9546B00998B17 /* Debug */,
				C05733CD08A9546B00998B17 /* Release */,
			);
			defaultConfigurationIsVisible = 0;
			defaultConfigurationName = Release;
		};
/* End XCConfigurationList section */
	};
	rootObject = 2A37F4A9FDCFA73011CA2CEA /* Project object */;
}
