// !$*UTF8*$!
{
	archiveVersion = 1;
	classes = {
	};
	objectVersion = 45;
	objects = {

/* Begin PBXAggregateTarget section */
		6CE60D540E0D4E1300BFE3F3 /* Release */ = {
			isa = PBXAggregateTarget;
			buildConfigurationList = 6CE60D5B0E0D4E5900BFE3F3 /* Build configuration list for PBXAggregateTarget "Release" */;
			buildPhases = (
				6CE60D5A0E0D4E2700BFE3F3 /* ShellScript */,
				6CE60D6A0E0D4F8200BFE3F3 /* ShellScript */,
			);
			dependencies = (
				6CE60D580E0D4E1800BFE3F3 /* PBXTargetDependency */,
			);
			name = Release;
			productName = Release;
		};
/* End PBXAggregateTarget section */

/* Begin PBXBuildFile section */
		1DDD582C0DA1D0D100B32029 /* MyDocument.xib in Resources */ = {isa = PBXBuildFile; fileRef = 1DDD58280DA1D0D100B32029 /* MyDocument.xib */; };
		1DDD582D0DA1D0D100B32029 /* MainMenu.xib in Resources */ = {isa = PBXBuildFile; fileRef = 1DDD582A0DA1D0D100B32029 /* MainMenu.xib */; };
		6C3BE82B0DE8268D0064BCE7 /* NSBezierPath+Points.m in Sources */ = {isa = PBXBuildFile; fileRef = 6C3BE82A0DE8268D0064BCE7 /* NSBezierPath+Points.m */; };
		6C3FE2190DE9762100EAB959 /* QuartzCore.framework in Frameworks */ = {isa = PBXBuildFile; fileRef = 6C3FE2180DE9762100EAB959 /* QuartzCore.framework */; };
		6C5935040DEA0441000B3428 /* NSImage+Extras.m in Sources */ = {isa = PBXBuildFile; fileRef = 6C5935030DEA0441000B3428 /* NSImage+Extras.m */; };
		6C5A79BB0E11B5D200A3D6E1 /* ESSymmetryAnimation.m in Sources */ = {isa = PBXBuildFile; fileRef = 6C5A79BA0E11B5D200A3D6E1 /* ESSymmetryAnimation.m */; };
		6C5A7ABD0E15419800A3D6E1 /* ESSymmetryView+Intro.m in Sources */ = {isa = PBXBuildFile; fileRef = 6C5A7ABC0E15419800A3D6E1 /* ESSymmetryView+Intro.m */; };
		6C5A7AE60E1544DD00A3D6E1 /* AttributedStrings.rtf in Resources */ = {isa = PBXBuildFile; fileRef = 6C5A7AE40E1544DD00A3D6E1 /* AttributedStrings.rtf */; };
		6C73CF3A0E0B079C00749440 /* NSBezierPath+ESSymmetry.m in Sources */ = {isa = PBXBuildFile; fileRef = 6C73CF390E0B079C00749440 /* NSBezierPath+ESSymmetry.m */; };
		6C82F99D0DF7614F005CF008 /* AppDelegate.m in Sources */ = {isa = PBXBuildFile; fileRef = 6C82F99C0DF7614F005CF008 /* AppDelegate.m */; };
		6CBC479C0DEAE2610073B214 /* ESSymmetryView.m in Sources */ = {isa = PBXBuildFile; fileRef = 6CBC479B0DEAE2610073B214 /* ESSymmetryView.m */; };
		6CDC1ED90E17935B00772100 /* ESSymmetryTotalAnimation.m in Sources */ = {isa = PBXBuildFile; fileRef = 6CDC1ED80E17935B00772100 /* ESSymmetryTotalAnimation.m */; };
		6CDC20D10E17E4AC00772100 /* MyDocument+Animation.m in Sources */ = {isa = PBXBuildFile; fileRef = 6CDC20D00E17E4AC00772100 /* MyDocument+Animation.m */; };
		6CDC23980E185DAA00772100 /* resize.png in Resources */ = {isa = PBXBuildFile; fileRef = 6CDC23970E185DAA00772100 /* resize.png */; };
		6CDC23C30E18DE6E00772100 /* Symmetries.sdef in Resources */ = {isa = PBXBuildFile; fileRef = 6CDC23C20E18DE6E00772100 /* Symmetries.sdef */; };
		6CE60E830E0D54C800BFE3F3 /* Sparkle.framework in Frameworks */ = {isa = PBXBuildFile; fileRef = 6CE60E820E0D54C800BFE3F3 /* Sparkle.framework */; };
		6CE60E860E0D54D100BFE3F3 /* Sparkle.framework in CopyFiles */ = {isa = PBXBuildFile; fileRef = 6CE60E820E0D54C800BFE3F3 /* Sparkle.framework */; };
		6CE610BE0E0DBC5B00BFE3F3 /* Symmetries.qlgenerator in CopyFiles */ = {isa = PBXBuildFile; fileRef = 6CE610BD0E0DBC4700BFE3F3 /* Symmetries.qlgenerator */; };
		8D15AC2C0486D014006FF6A4 /* Credits.rtf in Resources */ = {isa = PBXBuildFile; fileRef = 2A37F4B9FDCFA73011CA2CEA /* Credits.rtf */; };
		8D15AC2F0486D014006FF6A4 /* InfoPlist.strings in Resources */ = {isa = PBXBuildFile; fileRef = 089C165FFE840EACC02AAC07 /* InfoPlist.strings */; };
		8D15AC310486D014006FF6A4 /* MyDocument.m in Sources */ = {isa = PBXBuildFile; fileRef = 2A37F4ACFDCFA73011CA2CEA /* MyDocument.m */; settings = {ATTRIBUTES = (); }; };
		8D15AC320486D014006FF6A4 /* main.m in Sources */ = {isa = PBXBuildFile; fileRef = 2A37F4B0FDCFA73011CA2CEA /* main.m */; settings = {ATTRIBUTES = (); }; };
		8D15AC340486D014006FF6A4 /* Cocoa.framework in Frameworks */ = {isa = PBXBuildFile; fileRef = 1058C7A7FEA54F5311CA2CBB /* Cocoa.framework */; };
/* End PBXBuildFile section */

/* Begin PBXContainerItemProxy section */
		6CE60D570E0D4E1800BFE3F3 /* PBXContainerItemProxy */ = {
			isa = PBXContainerItemProxy;
			containerPortal = 2A37F4A9FDCFA73011CA2CEA /* Project object */;
			proxyType = 1;
			remoteGlobalIDString = 8D15AC270486D014006FF6A4;
			remoteInfo = RoundRect;
		};
		6CE610BC0E0DBC4700BFE3F3 /* PBXContainerItemProxy */ = {
			isa = PBXContainerItemProxy;
			containerPortal = 6CE607150E0BA48300BFE3F3 /* Symmetries QuickLook.xcodeproj */;
			proxyType = 2;
			remoteGlobalIDString = 8D576316048677EA00EA77CD;
			remoteInfo = Symmetries;
		};
/* End PBXContainerItemProxy section */

/* Begin PBXCopyFilesBuildPhase section */
		6CE607320E0BA4AD00BFE3F3 /* CopyFiles */ = {
			isa = PBXCopyFilesBuildPhase;
			buildActionMask = 2147483647;
			dstPath = Contents/Library/QuickLook;
			dstSubfolderSpec = 1;
			files = (
				6CE610BE0E0DBC5B00BFE3F3 /* Symmetries.qlgenerator in CopyFiles */,
			);
			runOnlyForDeploymentPostprocessing = 0;
		};
		6CE60C660E0D493800BFE3F3 /* CopyFiles */ = {
			isa = PBXCopyFilesBuildPhase;
			buildActionMask = 12;
			dstPath = "";
			dstSubfolderSpec = 10;
			files = (
				6CE60E860E0D54D100BFE3F3 /* Sparkle.framework in CopyFiles */,
			);
			runOnlyForDeploymentPostprocessing = 0;
		};
/* End PBXCopyFilesBuildPhase section */

/* Begin PBXFileReference section */
		089C1660FE840EACC02AAC07 /* English */ = {isa = PBXFileReference; fileEncoding = 10; lastKnownFileType = text.plist.strings; name = English; path = English.lproj/InfoPlist.strings; sourceTree = "<group>"; };
		1058C7A7FEA54F5311CA2CBB /* Cocoa.framework */ = {isa = PBXFileReference; lastKnownFileType = wrapper.framework; name = Cocoa.framework; path = /System/Library/Frameworks/Cocoa.framework; sourceTree = "<absolute>"; };
		1DDD58290DA1D0D100B32029 /* English */ = {isa = PBXFileReference; lastKnownFileType = file.xib; name = English; path = English.lproj/MyDocument.xib; sourceTree = "<group>"; };
		1DDD582B0DA1D0D100B32029 /* English */ = {isa = PBXFileReference; lastKnownFileType = file.xib; name = English; path = English.lproj/MainMenu.xib; sourceTree = "<group>"; };
		2A37F4ACFDCFA73011CA2CEA /* MyDocument.m */ = {isa = PBXFileReference; fileEncoding = 4; lastKnownFileType = sourcecode.c.objc; path = MyDocument.m; sourceTree = "<group>"; };
		2A37F4AEFDCFA73011CA2CEA /* MyDocument.h */ = {isa = PBXFileReference; fileEncoding = 4; lastKnownFileType = sourcecode.c.h; path = MyDocument.h; sourceTree = "<group>"; };
		2A37F4B0FDCFA73011CA2CEA /* main.m */ = {isa = PBXFileReference; fileEncoding = 4; lastKnownFileType = sourcecode.c.objc; path = main.m; sourceTree = "<group>"; };
		2A37F4BAFDCFA73011CA2CEA /* English */ = {isa = PBXFileReference; lastKnownFileType = text.rtf; name = English; path = English.lproj/Credits.rtf; sourceTree = "<group>"; };
		2A37F4C4FDCFA73011CA2CEA /* AppKit.framework */ = {isa = PBXFileReference; lastKnownFileType = wrapper.framework; name = AppKit.framework; path = /System/Library/Frameworks/AppKit.framework; sourceTree = "<absolute>"; };
		2A37F4C5FDCFA73011CA2CEA /* Foundation.framework */ = {isa = PBXFileReference; lastKnownFileType = wrapper.framework; name = Foundation.framework; path = /System/Library/Frameworks/Foundation.framework; sourceTree = "<absolute>"; };
		32DBCF750370BD2300C91783 /* RoundRect_Prefix.pch */ = {isa = PBXFileReference; fileEncoding = 4; lastKnownFileType = sourcecode.c.h; path = RoundRect_Prefix.pch; sourceTree = "<group>"; };
		6C0012A70DE6244B0016ABB5 /* ESSymmetryView.h */ = {isa = PBXFileReference; fileEncoding = 4; lastKnownFileType = sourcecode.c.h; path = ESSymmetryView.h; sourceTree = "<group>"; };
		6C3BE8290DE8268D0064BCE7 /* NSBezierPath+Points.h */ = {isa = PBXFileReference; fileEncoding = 4; lastKnownFileType = sourcecode.c.h; path = "NSBezierPath+Points.h"; sourceTree = "<group>"; };
		6C3BE82A0DE8268D0064BCE7 /* NSBezierPath+Points.m */ = {isa = PBXFileReference; fileEncoding = 4; lastKnownFileType = sourcecode.c.objc; path = "NSBezierPath+Points.m"; sourceTree = "<group>"; };
		6C3FE2180DE9762100EAB959 /* QuartzCore.framework */ = {isa = PBXFileReference; lastKnownFileType = wrapper.framework; name = QuartzCore.framework; path = /System/Library/Frameworks/QuartzCore.framework; sourceTree = "<absolute>"; };
		6C5935030DEA0441000B3428 /* NSImage+Extras.m */ = {isa = PBXFileReference; fileEncoding = 4; lastKnownFileType = sourcecode.c.objc; path = "NSImage+Extras.m"; sourceTree = "<group>"; };
		6C59350D0DEA0449000B3428 /* NSImage+Extras.h */ = {isa = PBXFileReference; fileEncoding = 4; lastKnownFileType = sourcecode.c.h; path = "NSImage+Extras.h"; sourceTree = "<group>"; };
		6C5A79B90E11B5D200A3D6E1 /* ESSymmetryAnimation.h */ = {isa = PBXFileReference; fileEncoding = 4; lastKnownFileType = sourcecode.c.h; path = ESSymmetryAnimation.h; sourceTree = "<group>"; };
		6C5A79BA0E11B5D200A3D6E1 /* ESSymmetryAnimation.m */ = {isa = PBXFileReference; fileEncoding = 4; lastKnownFileType = sourcecode.c.objc; path = ESSymmetryAnimation.m; sourceTree = "<group>"; };
		6C5A7ABB0E15419800A3D6E1 /* ESSymmetryView+Intro.h */ = {isa = PBXFileReference; fileEncoding = 4; lastKnownFileType = sourcecode.c.h; path = "ESSymmetryView+Intro.h"; sourceTree = "<group>"; };
		6C5A7ABC0E15419800A3D6E1 /* ESSymmetryView+Intro.m */ = {isa = PBXFileReference; fileEncoding = 4; lastKnownFileType = sourcecode.c.objc; path = "ESSymmetryView+Intro.m"; sourceTree = "<group>"; };
		6C5A7AE50E1544DD00A3D6E1 /* English */ = {isa = PBXFileReference; lastKnownFileType = text.rtf; name = English; path = English.lproj/AttributedStrings.rtf; sourceTree = "<group>"; };
		6C73CF380E0B079C00749440 /* NSBezierPath+ESSymmetry.h */ = {isa = PBXFileReference; fileEncoding = 4; lastKnownFileType = sourcecode.c.h; path = "NSBezierPath+ESSymmetry.h"; sourceTree = "<group>"; };
		6C73CF390E0B079C00749440 /* NSBezierPath+ESSymmetry.m */ = {isa = PBXFileReference; fileEncoding = 4; lastKnownFileType = sourcecode.c.objc; path = "NSBezierPath+ESSymmetry.m"; sourceTree = "<group>"; };
		6C82F99B0DF7614F005CF008 /* AppDelegate.h */ = {isa = PBXFileReference; fileEncoding = 4; lastKnownFileType = sourcecode.c.h; path = AppDelegate.h; sourceTree = "<group>"; };
		6C82F99C0DF7614F005CF008 /* AppDelegate.m */ = {isa = PBXFileReference; fileEncoding = 4; lastKnownFileType = sourcecode.c.objc; path = AppDelegate.m; sourceTree = "<group>"; };
		6CBC479B0DEAE2610073B214 /* ESSymmetryView.m */ = {isa = PBXFileReference; fileEncoding = 4; lastKnownFileType = sourcecode.c.objc; path = ESSymmetryView.m; sourceTree = "<group>"; };
		6CDC1ED70E17935B00772100 /* ESSymmetryTotalAnimation.h */ = {isa = PBXFileReference; fileEncoding = 4; lastKnownFileType = sourcecode.c.h; path = ESSymmetryTotalAnimation.h; sourceTree = "<group>"; };
		6CDC1ED80E17935B00772100 /* ESSymmetryTotalAnimation.m */ = {isa = PBXFileReference; fileEncoding = 4; lastKnownFileType = sourcecode.c.objc; path = ESSymmetryTotalAnimation.m; sourceTree = "<group>"; };
		6CDC209D0E17E2D400772100 /* PLANS */ = {isa = PBXFileReference; fileEncoding = 4; lastKnownFileType = text; path = PLANS; sourceTree = "<group>"; };
		6CDC20CF0E17E4AC00772100 /* MyDocument+Animation.h */ = {isa = PBXFileReference; fileEncoding = 4; lastKnownFileType = sourcecode.c.h; path = "MyDocument+Animation.h"; sourceTree = "<group>"; };
		6CDC20D00E17E4AC00772100 /* MyDocument+Animation.m */ = {isa = PBXFileReference; fileEncoding = 4; lastKnownFileType = sourcecode.c.objc; path = "MyDocument+Animation.m"; sourceTree = "<group>"; };
		6CDC22850E18168500772100 /* Symmetries.scriptSuite */ = {isa = PBXFileReference; lastKnownFileType = file.bplist; path = Symmetries.scriptSuite; sourceTree = "<group>"; };
		6CDC22860E18168500772100 /* Symmetries.scriptTerminology */ = {isa = PBXFileReference; lastKnownFileType = file.bplist; path = Symmetries.scriptTerminology; sourceTree = "<group>"; };
		6CDC23970E185DAA00772100 /* resize.png */ = {isa = PBXFileReference; lastKnownFileType = image.png; path = resize.png; sourceTree = "<group>"; };
		6CDC23C20E18DE6E00772100 /* Symmetries.sdef */ = {isa = PBXFileReference; fileEncoding = 4; lastKnownFileType = text.sdef; path = Symmetries.sdef; sourceTree = "<group>"; };
		6CE607150E0BA48300BFE3F3 /* Symmetries QuickLook.xcodeproj */ = {isa = PBXFileReference; lastKnownFileType = "wrapper.pb-project"; name = "Symmetries QuickLook.xcodeproj"; path = "QuickLook/Symmetries QuickLook.xcodeproj"; sourceTree = "<group>"; };
		6CE60E820E0D54C800BFE3F3 /* Sparkle.framework */ = {isa = PBXFileReference; lastKnownFileType = wrapper.framework; name = Sparkle.framework; path = ../../../Shared/builds/Deployment/Sparkle.framework; sourceTree = SOURCE_ROOT; };
		8D15AC360486D014006FF6A4 /* Info.plist */ = {isa = PBXFileReference; fileEncoding = 4; lastKnownFileType = text.plist.xml; path = Info.plist; sourceTree = "<group>"; };
		8D15AC370486D014006FF6A4 /* Symmetries.app */ = {isa = PBXFileReference; explicitFileType = wrapper.application; includeInIndex = 0; path = Symmetries.app; sourceTree = BUILT_PRODUCTS_DIR; };
/* End PBXFileReference section */

/* Begin PBXFrameworksBuildPhase section */
		8D15AC330486D014006FF6A4 /* Frameworks */ = {
			isa = PBXFrameworksBuildPhase;
			buildActionMask = 2147483647;
			files = (
				8D15AC340486D014006FF6A4 /* Cocoa.framework in Frameworks */,
				6C3FE2190DE9762100EAB959 /* QuartzCore.framework in Frameworks */,
				6CE60E830E0D54C800BFE3F3 /* Sparkle.framework in Frameworks */,
			);
			runOnlyForDeploymentPostprocessing = 0;
		};
/* End PBXFrameworksBuildPhase section */

/* Begin PBXGroup section */
		1058C7A6FEA54F5311CA2CBB /* Linked Frameworks */ = {
			isa = PBXGroup;
			children = (
				6CE60E820E0D54C800BFE3F3 /* Sparkle.framework */,
				1058C7A7FEA54F5311CA2CBB /* Cocoa.framework */,
			);
			name = "Linked Frameworks";
			sourceTree = "<group>";
		};
		1058C7A8FEA54F5311CA2CBB /* Other Frameworks */ = {
			isa = PBXGroup;
			children = (
				6C3FE2180DE9762100EAB959 /* QuartzCore.framework */,
				2A37F4C4FDCFA73011CA2CEA /* AppKit.framework */,
				2A37F4C5FDCFA73011CA2CEA /* Foundation.framework */,
			);
			name = "Other Frameworks";
			sourceTree = "<group>";
		};
		19C28FB0FE9D524F11CA2CBB /* Products */ = {
			isa = PBXGroup;
			children = (
				8D15AC370486D014006FF6A4 /* Symmetries.app */,
			);
			name = Products;
			sourceTree = "<group>";
		};
		2A37F4AAFDCFA73011CA2CEA /* RoundRect */ = {
			isa = PBXGroup;
			children = (
				6CDC209D0E17E2D400772100 /* PLANS */,
				6CE607150E0BA48300BFE3F3 /* Symmetries QuickLook.xcodeproj */,
				2A37F4ABFDCFA73011CA2CEA /* Classes */,
				2A37F4AFFDCFA73011CA2CEA /* Other Sources */,
				2A37F4B8FDCFA73011CA2CEA /* Resources */,
				2A37F4C3FDCFA73011CA2CEA /* Frameworks */,
				19C28FB0FE9D524F11CA2CBB /* Products */,
			);
			name = RoundRect;
			sourceTree = "<group>";
		};
		2A37F4ABFDCFA73011CA2CEA /* Classes */ = {
			isa = PBXGroup;
			children = (
				6C82F99B0DF7614F005CF008 /* AppDelegate.h */,
				6C82F99C0DF7614F005CF008 /* AppDelegate.m */,
				2A37F4AEFDCFA73011CA2CEA /* MyDocument.h */,
				2A37F4ACFDCFA73011CA2CEA /* MyDocument.m */,
				6CDC20CF0E17E4AC00772100 /* MyDocument+Animation.h */,
				6CDC20D00E17E4AC00772100 /* MyDocument+Animation.m */,
				6C0012A70DE6244B0016ABB5 /* ESSymmetryView.h */,
				6CBC479B0DEAE2610073B214 /* ESSymmetryView.m */,
				6C5A7ABB0E15419800A3D6E1 /* ESSymmetryView+Intro.h */,
				6C5A7ABC0E15419800A3D6E1 /* ESSymmetryView+Intro.m */,
				6C73CF380E0B079C00749440 /* NSBezierPath+ESSymmetry.h */,
				6C73CF390E0B079C00749440 /* NSBezierPath+ESSymmetry.m */,
				6C3BE8290DE8268D0064BCE7 /* NSBezierPath+Points.h */,
				6C3BE82A0DE8268D0064BCE7 /* NSBezierPath+Points.m */,
				6C5A79B90E11B5D200A3D6E1 /* ESSymmetryAnimation.h */,
				6C5A79BA0E11B5D200A3D6E1 /* ESSymmetryAnimation.m */,
				6CDC1ED70E17935B00772100 /* ESSymmetryTotalAnimation.h */,
				6CDC1ED80E17935B00772100 /* ESSymmetryTotalAnimation.m */,
				6C5935030DEA0441000B3428 /* NSImage+Extras.m */,
				6C59350D0DEA0449000B3428 /* NSImage+Extras.h */,
			);
			name = Classes;
			sourceTree = "<group>";
		};
		2A37F4AFFDCFA73011CA2CEA /* Other Sources */ = {
			isa = PBXGroup;
			children = (
				32DBCF750370BD2300C91783 /* RoundRect_Prefix.pch */,
				2A37F4B0FDCFA73011CA2CEA /* main.m */,
			);
			name = "Other Sources";
			sourceTree = "<group>";
		};
		2A37F4B8FDCFA73011CA2CEA /* Resources */ = {
			isa = PBXGroup;
			children = (
				6C5A7AE40E1544DD00A3D6E1 /* AttributedStrings.rtf */,
				2A37F4B9FDCFA73011CA2CEA /* Credits.rtf */,
				8D15AC360486D014006FF6A4 /* Info.plist */,
				6CDC23970E185DAA00772100 /* resize.png */,
				6CDC22850E18168500772100 /* Symmetries.scriptSuite */,
				6CDC23C20E18DE6E00772100 /* Symmetries.sdef */,
				6CDC22860E18168500772100 /* Symmetries.scriptTerminology */,
				089C165FFE840EACC02AAC07 /* InfoPlist.strings */,
				1DDD58280DA1D0D100B32029 /* MyDocument.xib */,
				1DDD582A0DA1D0D100B32029 /* MainMenu.xib */,
			);
			name = Resources;
			sourceTree = "<group>";
		};
		2A37F4C3FDCFA73011CA2CEA /* Frameworks */ = {
			isa = PBXGroup;
			children = (
				1058C7A6FEA54F5311CA2CBB /* Linked Frameworks */,
				1058C7A8FEA54F5311CA2CBB /* Other Frameworks */,
			);
			name = Frameworks;
			sourceTree = "<group>";
		};
		6CE610B90E0DBC4700BFE3F3 /* Products */ = {
			isa = PBXGroup;
			children = (
				6CE610BD0E0DBC4700BFE3F3 /* Symmetries.qlgenerator */,
			);
			name = Products;
			sourceTree = "<group>";
		};
/* End PBXGroup section */

/* Begin PBXNativeTarget section */
		8D15AC270486D014006FF6A4 /* Symmetries */ = {
			isa = PBXNativeTarget;
			buildConfigurationList = C05733C708A9546B00998B17 /* Build configuration list for PBXNativeTarget "Symmetries" */;
			buildPhases = (
				8D15AC2B0486D014006FF6A4 /* Resources */,
				8D15AC300486D014006FF6A4 /* Sources */,
				6CE60C660E0D493800BFE3F3 /* CopyFiles */,
				8D15AC330486D014006FF6A4 /* Frameworks */,
				6CE607320E0BA4AD00BFE3F3 /* CopyFiles */,
			);
			buildRules = (
			);
			dependencies = (
			);
			name = Symmetries;
			productInstallPath = "$(HOME)/Applications";
			productName = RoundRect;
			productReference = 8D15AC370486D014006FF6A4 /* Symmetries.app */;
			productType = "com.apple.product-type.application";
		};
/* End PBXNativeTarget section */

/* Begin PBXProject section */
		2A37F4A9FDCFA73011CA2CEA /* Project object */ = {
			isa = PBXProject;
			buildConfigurationList = C05733CB08A9546B00998B17 /* Build configuration list for PBXProject "Symmetries" */;
			compatibilityVersion = "Xcode 3.1";
			hasScannedForEncodings = 1;
			knownRegions = (
				English,
				Japanese,
				French,
				German,
				ca,
				cs,
				cy,
				da,
				de,
				el,
				en,
				es,
				fi,
				fr,
				fr_ca,
				he,
				hu,
				id,
				is,
				it,
				ja,
				ko,
				nl,
				no,
				pl,
				pt,
				ru,
				sk,
				sv,
				th,
				tr,
				zh_CN,
				zh_TW,
			);
			mainGroup = 2A37F4AAFDCFA73011CA2CEA /* RoundRect */;
			projectDirPath = "";
			projectReferences = (
				{
					ProductGroup = 6CE610B90E0DBC4700BFE3F3 /* Products */;
					ProjectRef = 6CE607150E0BA48300BFE3F3 /* Symmetries QuickLook.xcodeproj */;
				},
			);
			projectRoot = "";
			targets = (
				8D15AC270486D014006FF6A4 /* Symmetries */,
				6CE60D540E0D4E1300BFE3F3 /* Release */,
			);
		};
/* End PBXProject section */

/* Begin PBXReferenceProxy section */
		6CE610BD0E0DBC4700BFE3F3 /* Symmetries.qlgenerator */ = {
			isa = PBXReferenceProxy;
			fileType = wrapper.cfbundle;
			path = Symmetries.qlgenerator;
			remoteRef = 6CE610BC0E0DBC4700BFE3F3 /* PBXContainerItemProxy */;
			sourceTree = BUILT_PRODUCTS_DIR;
		};
/* End PBXReferenceProxy section */

/* Begin PBXResourcesBuildPhase section */
		8D15AC2B0486D014006FF6A4 /* Resources */ = {
			isa = PBXResourcesBuildPhase;
			buildActionMask = 2147483647;
			files = (
				8D15AC2C0486D014006FF6A4 /* Credits.rtf in Resources */,
				8D15AC2F0486D014006FF6A4 /* InfoPlist.strings in Resources */,
				1DDD582C0DA1D0D100B32029 /* MyDocument.xib in Resources */,
				1DDD582D0DA1D0D100B32029 /* MainMenu.xib in Resources */,
				6C5A7AE60E1544DD00A3D6E1 /* AttributedStrings.rtf in Resources */,
				6CDC23980E185DAA00772100 /* resize.png in Resources */,
				6CDC23C30E18DE6E00772100 /* Symmetries.sdef in Resources */,
			);
			runOnlyForDeploymentPostprocessing = 0;
		};
/* End PBXResourcesBuildPhase section */

/* Begin PBXShellScriptBuildPhase section */
		6CE60D5A0E0D4E2700BFE3F3 /* ShellScript */ = {
			isa = PBXShellScriptBuildPhase;
			buildActionMask = 2147483647;
			files = (
			);
			inputPaths = (
			);
			outputPaths = (
			);
			runOnlyForDeploymentPostprocessing = 0;
			shellPath = /bin/sh;
			shellScript = "# compress the distribution folder\nrm -f \"$BUILT_PRODUCTS_DIR/Symmetries.zip\"\ncd \"$BUILT_PRODUCTS_DIR\"\nzip -y -r \"Symmetries.zip\" \"Symmetries.app\"";
		};
		6CE60D6A0E0D4F8200BFE3F3 /* ShellScript */ = {
			isa = PBXShellScriptBuildPhase;
			buildActionMask = 2147483647;
			files = (
			);
			inputPaths = (
			);
			outputPaths = (
			);
			runOnlyForDeploymentPostprocessing = 0;
			shellPath = /bin/sh;
			shellScript = "# remove Sparkle header files\n#cd \"$BUILT_PRODUCTS_DIR\"\n#cd \"Symmetries.app/Contents/Frameworks/Sparkle.framework/\"\n#rm \"Headers\"\n#cd \"Versions/A\"\n#rm -r \"Headers\"\n#lipo -remove pp64 \n#lipo -remove x86_64";
		};
/* End PBXShellScriptBuildPhase section */

/* Begin PBXSourcesBuildPhase section */
		8D15AC300486D014006FF6A4 /* Sources */ = {
			isa = PBXSourcesBuildPhase;
			buildActionMask = 2147483647;
			files = (
				8D15AC310486D014006FF6A4 /* MyDocument.m in Sources */,
				8D15AC320486D014006FF6A4 /* main.m in Sources */,
				6C3BE82B0DE8268D0064BCE7 /* NSBezierPath+Points.m in Sources */,
				6C5935040DEA0441000B3428 /* NSImage+Extras.m in Sources */,
				6CBC479C0DEAE2610073B214 /* ESSymmetryView.m in Sources */,
				6C82F99D0DF7614F005CF008 /* AppDelegate.m in Sources */,
				6C73CF3A0E0B079C00749440 /* NSBezierPath+ESSymmetry.m in Sources */,
				6C5A79BB0E11B5D200A3D6E1 /* ESSymmetryAnimation.m in Sources */,
				6C5A7ABD0E15419800A3D6E1 /* ESSymmetryView+Intro.m in Sources */,
				6CDC1ED90E17935B00772100 /* ESSymmetryTotalAnimation.m in Sources */,
				6CDC20D10E17E4AC00772100 /* MyDocument+Animation.m in Sources */,
			);
			runOnlyForDeploymentPostprocessing = 0;
		};
/* End PBXSourcesBuildPhase section */

/* Begin PBXTargetDependency section */
		6CE60D580E0D4E1800BFE3F3 /* PBXTargetDependency */ = {
			isa = PBXTargetDependency;
			target = 8D15AC270486D014006FF6A4 /* Symmetries */;
			targetProxy = 6CE60D570E0D4E1800BFE3F3 /* PBXContainerItemProxy */;
		};
/* End PBXTargetDependency section */

/* Begin PBXVariantGroup section */
		089C165FFE840EACC02AAC07 /* InfoPlist.strings */ = {
			isa = PBXVariantGroup;
			children = (
				089C1660FE840EACC02AAC07 /* English */,
			);
			name = InfoPlist.strings;
			sourceTree = "<group>";
		};
		1DDD58280DA1D0D100B32029 /* MyDocument.xib */ = {
			isa = PBXVariantGroup;
			children = (
				1DDD58290DA1D0D100B32029 /* English */,
			);
			name = MyDocument.xib;
			sourceTree = "<group>";
		};
		1DDD582A0DA1D0D100B32029 /* MainMenu.xib */ = {
			isa = PBXVariantGroup;
			children = (
				1DDD582B0DA1D0D100B32029 /* English */,
			);
			name = MainMenu.xib;
			sourceTree = "<group>";
		};
		2A37F4B9FDCFA73011CA2CEA /* Credits.rtf */ = {
			isa = PBXVariantGroup;
			children = (
				2A37F4BAFDCFA73011CA2CEA /* English */,
			);
			name = Credits.rtf;
			sourceTree = "<group>";
		};
		6C5A7AE40E1544DD00A3D6E1 /* AttributedStrings.rtf */ = {
			isa = PBXVariantGroup;
			children = (
				6C5A7AE50E1544DD00A3D6E1 /* English */,
			);
			name = AttributedStrings.rtf;
			sourceTree = "<group>";
		};
/* End PBXVariantGroup section */

/* Begin XCBuildConfiguration section */
		6CE60D550E0D4E1300BFE3F3 /* Debug */ = {
			isa = XCBuildConfiguration;
			buildSettings = {
				COPY_PHASE_STRIP = NO;
				GCC_DYNAMIC_NO_PIC = NO;
				GCC_OPTIMIZATION_LEVEL = 0;
				PRODUCT_NAME = Release;
			};
			name = Debug;
		};
		6CE60D560E0D4E1300BFE3F3 /* Release */ = {
			isa = XCBuildConfiguration;
			buildSettings = {
				COPY_PHASE_STRIP = YES;
				DEBUG_INFORMATION_FORMAT = "dwarf-with-dsym";
				GCC_ENABLE_FIX_AND_CONTINUE = NO;
				PRODUCT_NAME = Release;
				ZERO_LINK = NO;
			};
			name = Release;
		};
		C05733C808A9546B00998B17 /* Debug */ = {
			isa = XCBuildConfiguration;
			buildSettings = {
				ALWAYS_SEARCH_USER_PATHS = NO;
				COPY_PHASE_STRIP = NO;
				FRAMEWORK_SEARCH_PATHS = (
					"$(inherited)",
					"\"$(SRCROOT)/../Sparkle 1.5b1\"",
					"\"$(SRCROOT)/../../../Shared/builds/Release (GC dual-mode; 10.5-only)\"",
				);
				GCC_DYNAMIC_NO_PIC = NO;
				GCC_ENABLE_FIX_AND_CONTINUE = YES;
				GCC_ENABLE_OBJC_GC = required;
				GCC_MODEL_TUNING = G5;
				GCC_OPTIMIZATION_LEVEL = 0;
				GCC_PRECOMPILE_PREFIX_HEADER = YES;
				GCC_PREFIX_HEADER = RoundRect_Prefix.pch;
				GCC_WARN_CHECK_SWITCH_STATEMENTS = NO;
				INFOPLIST_FILE = Info.plist;
				INSTALL_PATH = "$(HOME)/Applications";
				PRODUCT_NAME = Symmetries;
				SDKROOT = macosx10.5;
			};
			name = Debug;
		};
		C05733C908A9546B00998B17 /* Release */ = {
			isa = XCBuildConfiguration;
			buildSettings = {
				ALWAYS_SEARCH_USER_PATHS = NO;
				DEBUG_INFORMATION_FORMAT = "dwarf-with-dsym";
				FRAMEWORK_SEARCH_PATHS = (
					"$(inherited)",
					"\"$(SRCROOT)/../Sparkle 1.5b1\"",
					"\"$(SRCROOT)/../../../Shared/builds/Release (GC dual-mode; 10.5-only)\"",
				);
				GCC_ENABLE_OBJC_GC = required;
				GCC_MODEL_TUNING = G5;
				GCC_PRECOMPILE_PREFIX_HEADER = YES;
				GCC_PREFIX_HEADER = RoundRect_Prefix.pch;
				GCC_WARN_CHECK_SWITCH_STATEMENTS = YES;
				INFOPLIST_FILE = Info.plist;
				INSTALL_PATH = "$(HOME)/Applications";
				PRODUCT_NAME = Symmetries;
				SDKROOT = macosx10.5;
			};
			name = Release;
		};
		C05733CC08A9546B00998B17 /* Debug */ = {
			isa = XCBuildConfiguration;
			buildSettings = {
				ARCHS = "$(ARCHS_STANDARD_32_BIT)";
				GCC_C_LANGUAGE_STANDARD = c99;
				GCC_OPTIMIZATION_LEVEL = 0;
				GCC_WARN_ABOUT_RETURN_TYPE = YES;
				GCC_WARN_UNUSED_VARIABLE = YES;
				ONLY_ACTIVE_ARCH = YES;
				PREBINDING = NO;
				SDKROOT = macosx10.5;
			};
			name = Debug;
		};
		C05733CD08A9546B00998B17 /* Release */ = {
			isa = XCBuildConfiguration;
			buildSettings = {
				ARCHS = "$(ARCHS_STANDARD_32_BIT)";
				GCC_C_LANGUAGE_STANDARD = c99;
				GCC_WARN_ABOUT_RETURN_TYPE = YES;
				GCC_WARN_UNUSED_VARIABLE = YES;
				PREBINDING = NO;
				SDKROOT = macosx10.5;
			};
			name = Release;
		};
/* End XCBuildConfiguration section */

/* Begin XCConfigurationList section */
		6CE60D5B0E0D4E5900BFE3F3 /* Build configuration list for PBXAggregateTarget "Release" */ = {
			isa = XCConfigurationList;
			buildConfigurations = (
				6CE60D550E0D4E1300BFE3F3 /* Debug */,
				6CE60D560E0D4E1300BFE3F3 /* Release */,
			);
			defaultConfigurationIsVisible = 0;
			defaultConfigurationName = Release;
		};
		C05733C708A9546B00998B17 /* Build configuration list for PBXNativeTarget "Symmetries" */ = {
			isa = XCConfigurationList;
			buildConfigurations = (
				C05733C808A9546B00998B17 /* Debug */,
				C05733C908A9546B00998B17 /* Release */,
			);
			defaultConfigurationIsVisible = 0;
			defaultConfigurationName = Release;
		};
		C05733CB08A9546B00998B17 /* Build configuration list for PBXProject "Symmetries" */ = {
			isa = XCConfigurationList;
			buildConfigurations = (
				C05733CC08A9546B00998B17 /* Debug */,
				C05733CD08A9546B00998B17 /* Release */,
			);
			defaultConfigurationIsVisible = 0;
			defaultConfigurationName = Release;
		};
/* End XCConfigurationList section */
	};
	rootObject = 2A37F4A9FDCFA73011CA2CEA /* Project object */;
}
